
Microsoft Visual Studio Solution File, Format Version 12.00
# Visual Studio Version 17
VisualStudioVersion = 17.9.34701.34
MinimumVisualStudioVersion = 10.0.40219.1
Project("{FAE04EC0-301F-11D3-BF4B-00C04F79EFBC}") = "Censo-2024", "Censo-2024\Censo-2024.csproj", "{57C27D7A-F9D9-4155-B2D3-9FF367DA8CE5}"
EndProject
Global
	GlobalSection(SolutionConfigurationPlatforms) = preSolution
		Debug|Any CPU = Debug|Any CPU
		Release|Any CPU = Release|Any CPU
	EndGlobalSection
	GlobalSection(ProjectConfigurationPlatforms) = postSolution
		{57C27D7A-F9D9-4155-B2D3-9FF367DA8CE5}.Debug|Any CPU.ActiveCfg = Debug|Any CPU
		{57C27D7A-F9D9-4155-B2D3-9FF367DA8CE5}.Debug|Any CPU.Build.0 = Debug|Any CPU
		{57C27D7A-F9D9-4155-B2D3-9FF367DA8CE5}.Release|Any CPU.ActiveCfg = Release|Any CPU
		{57C27D7A-F9D9-4155-B2D3-9FF367DA8CE5}.Release|Any CPU.Build.0 = Release|Any CPU
	EndGlobalSection
	GlobalSection(SolutionProperties) = preSolution
		HideSolutionNode = FALSE
	EndGlobalSection
	GlobalSection(ExtensibilityGlobals) = postSolution
		SolutionGuid = {33F1E33D-051B-47F9-827A-6190C5C73A8F}
	EndGlobalSection
EndGlobal
